
Microsoft Visual Studio Solution File, Format Version 12.00
# Visual Studio Version 16
VisualStudioVersion = 16.0.30114.105
MinimumVisualStudioVersion = 10.0.40219.1
Project("{FAE04EC0-301F-11D3-BF4B-00C04F79EFBC}") = "PetDL", "PetDL\PetDL.csproj", "{84C472C0-4938-4E0C-B01F-7D926304EB8F}"
EndProject
Project("{FAE04EC0-301F-11D3-BF4B-00C04F79EFBC}") = "BL", "BL\BL.csproj", "{42578936-44C3-4B0E-8768-3B6B2A496A0E}"
EndProject
Project("{FAE04EC0-301F-11D3-BF4B-00C04F79EFBC}") = "Models", "Models\Models.csproj", "{6ADDA5DA-108F-43A0-A6E6-9055EC807D42}"
EndProject
Project("{FAE04EC0-301F-11D3-BF4B-00C04F79EFBC}") = "PetApp", "PetApp\PetApp.csproj", "{52442636-12A4-4CE8-994F-BD04046F6F19}"
EndProject
Global
	GlobalSection(SolutionConfigurationPlatforms) = preSolution
		Debug|Any CPU = Debug|Any CPU
		Release|Any CPU = Release|Any CPU
	EndGlobalSection
	GlobalSection(SolutionProperties) = preSolution
		HideSolutionNode = FALSE
	EndGlobalSection
	GlobalSection(ProjectConfigurationPlatforms) = postSolution
		{84C472C0-4938-4E0C-B01F-7D926304EB8F}.Debug|Any CPU.ActiveCfg = Debug|Any CPU
		{84C472C0-4938-4E0C-B01F-7D926304EB8F}.Debug|Any CPU.Build.0 = Debug|Any CPU
		{84C472C0-4938-4E0C-B01F-7D926304EB8F}.Release|Any CPU.ActiveCfg = Release|Any CPU
		{84C472C0-4938-4E0C-B01F-7D926304EB8F}.Release|Any CPU.Build.0 = Release|Any CPU
		{42578936-44C3-4B0E-8768-3B6B2A496A0E}.Debug|Any CPU.ActiveCfg = Debug|Any CPU
		{42578936-44C3-4B0E-8768-3B6B2A496A0E}.Debug|Any CPU.Build.0 = Debug|Any CPU
		{42578936-44C3-4B0E-8768-3B6B2A496A0E}.Release|Any CPU.ActiveCfg = Release|Any CPU
		{42578936-44C3-4B0E-8768-3B6B2A496A0E}.Release|Any CPU.Build.0 = Release|Any CPU
		{6ADDA5DA-108F-43A0-A6E6-9055EC807D42}.Debug|Any CPU.ActiveCfg = Debug|Any CPU
		{6ADDA5DA-108F-43A0-A6E6-9055EC807D42}.Debug|Any CPU.Build.0 = Debug|Any CPU
		{6ADDA5DA-108F-43A0-A6E6-9055EC807D42}.Release|Any CPU.ActiveCfg = Release|Any CPU
		{6ADDA5DA-108F-43A0-A6E6-9055EC807D42}.Release|Any CPU.Build.0 = Release|Any CPU
		{52442636-12A4-4CE8-994F-BD04046F6F19}.Debug|Any CPU.ActiveCfg = Debug|Any CPU
		{52442636-12A4-4CE8-994F-BD04046F6F19}.Debug|Any CPU.Build.0 = Debug|Any CPU
		{52442636-12A4-4CE8-994F-BD04046F6F19}.Release|Any CPU.ActiveCfg = Release|Any CPU
		{52442636-12A4-4CE8-994F-BD04046F6F19}.Release|Any CPU.Build.0 = Release|Any CPU
	EndGlobalSection
EndGlobal
